
Microsoft Visual Studio Solution File, Format Version 12.00
# Visual Studio 15
VisualStudioVersion = 15.0.28010.2016
MinimumVisualStudioVersion = 10.0.40219.1
Project("{FAE04EC0-301F-11D3-BF4B-00C04F79EFBC}") = "Game_CUI", "Game_CUI\Game_CUI.csproj", "{33DB3B6D-E5BC-4F48-9109-0A79A6F014A0}"
EndProject
Global
	GlobalSection(SolutionConfigurationPlatforms) = preSolution
		Debug|Any CPU = Debug|Any CPU
		Release|Any CPU = Release|Any CPU
	EndGlobalSection
	GlobalSection(ProjectConfigurationPlatforms) = postSolution
		{33DB3B6D-E5BC-4F48-9109-0A79A6F014A0}.Debug|Any CPU.ActiveCfg = Debug|Any CPU
		{33DB3B6D-E5BC-4F48-9109-0A79A6F014A0}.Debug|Any CPU.Build.0 = Debug|Any CPU
		{33DB3B6D-E5BC-4F48-9109-0A79A6F014A0}.Release|Any CPU.ActiveCfg = Release|Any CPU
		{33DB3B6D-E5BC-4F48-9109-0A79A6F014A0}.Release|Any CPU.Build.0 = Release|Any CPU
	EndGlobalSection
	GlobalSection(SolutionProperties) = preSolution
		HideSolutionNode = FALSE
	EndGlobalSection
	GlobalSection(ExtensibilityGlobals) = postSolution
		SolutionGuid = {AEAB7CDB-5B17-4A99-A3CB-AFC73CE7FC04}
	EndGlobalSection
EndGlobal
